
Microsoft Visual Studio Solution File, Format Version 12.00
# Visual Studio 15
VisualStudioVersion = 15.0.28010.2050
MinimumVisualStudioVersion = 10.0.40219.1
Project("{9A19103F-16F7-4668-BE54-9A1E7A4F7556}") = "CoordinateUUIDConverter", "CoordinateUUIDConverter.csproj", "{9C7CFA37-A139-4EF3-AD26-DCB58621C0A0}"
EndProject
Global
	GlobalSection(SolutionConfigurationPlatforms) = preSolution
		Debug|Any CPU = Debug|Any CPU
		Release|Any CPU = Release|Any CPU
	EndGlobalSection
	GlobalSection(ProjectConfigurationPlatforms) = postSolution
		{9C7CFA37-A139-4EF3-AD26-DCB58621C0A0}.Debug|Any CPU.ActiveCfg = Debug|Any CPU
		{9C7CFA37-A139-4EF3-AD26-DCB58621C0A0}.Debug|Any CPU.Build.0 = Debug|Any CPU
		{9C7CFA37-A139-4EF3-AD26-DCB58621C0A0}.Release|Any CPU.ActiveCfg = Release|Any CPU
		{9C7CFA37-A139-4EF3-AD26-DCB58621C0A0}.Release|Any CPU.Build.0 = Release|Any CPU
	EndGlobalSection
	GlobalSection(SolutionProperties) = preSolution
		HideSolutionNode = FALSE
	EndGlobalSection
	GlobalSection(ExtensibilityGlobals) = postSolution
		SolutionGuid = {508A6095-D45F-410A-B4BB-C622650DAB24}
	EndGlobalSection
EndGlobal
